// !$*UTF8*$!
{
	archiveVersion = 1;
	classes = {
	};
	objectVersion = 46;
	objects = {

/* Begin PBXBuildFile section */
		28389B841CB4254F00D31B2B /* hud.cpp in Sources */ = {isa = PBXBuildFile; fileRef = 28389B831CB4254F00D31B2B /* hud.cpp */; };
		28389B861CB4263600D31B2B /* ItemImage.png in Copy Files */ = {isa = PBXBuildFile; fileRef = 28389B851CB4263600D31B2B /* ItemImage.png */; };
		28389B891CB460CF00D31B2B /* enemy.cpp in Sources */ = {isa = PBXBuildFile; fileRef = 28389B881CB460CF00D31B2B /* enemy.cpp */; };
		283AD0071CC6D5F60098CFDC /* GatorChompGoGators.wav in Copy Files */ = {isa = PBXBuildFile; fileRef = 283AD0061CC6D5F60098CFDC /* GatorChompGoGators.wav */; };
		283AD02D1CC6DA360098CFDC /* FLAC.framework in Frameworks */ = {isa = PBXBuildFile; fileRef = 283AD01E1CC6DA360098CFDC /* FLAC.framework */; };
		283AD02E1CC6DA360098CFDC /* freetype.framework in Frameworks */ = {isa = PBXBuildFile; fileRef = 283AD01F1CC6DA360098CFDC /* freetype.framework */; };
		283AD02F1CC6DA360098CFDC /* ogg.framework in Frameworks */ = {isa = PBXBuildFile; fileRef = 283AD0201CC6DA360098CFDC /* ogg.framework */; };
		283AD0301CC6DA360098CFDC /* OpenAL.framework in Frameworks */ = {isa = PBXBuildFile; fileRef = 283AD0211CC6DA360098CFDC /* OpenAL.framework */; };
		283AD0311CC6DA360098CFDC /* SDL2_image.framework in Frameworks */ = {isa = PBXBuildFile; fileRef = 283AD0221CC6DA360098CFDC /* SDL2_image.framework */; };
		283AD0321CC6DA360098CFDC /* SDL2.framework in Frameworks */ = {isa = PBXBuildFile; fileRef = 283AD0231CC6DA360098CFDC /* SDL2.framework */; };
		283AD0331CC6DA360098CFDC /* sfml-audio.framework in Frameworks */ = {isa = PBXBuildFile; fileRef = 283AD0241CC6DA360098CFDC /* sfml-audio.framework */; };
		283AD0341CC6DA360098CFDC /* sfml-graphics.framework in Frameworks */ = {isa = PBXBuildFile; fileRef = 283AD0251CC6DA360098CFDC /* sfml-graphics.framework */; };
		283AD0351CC6DA360098CFDC /* sfml-network.framework in Frameworks */ = {isa = PBXBuildFile; fileRef = 283AD0261CC6DA360098CFDC /* sfml-network.framework */; };
		283AD0361CC6DA360098CFDC /* sfml-system.framework in Frameworks */ = {isa = PBXBuildFile; fileRef = 283AD0271CC6DA360098CFDC /* sfml-system.framework */; };
		283AD0371CC6DA360098CFDC /* sfml-window.framework in Frameworks */ = {isa = PBXBuildFile; fileRef = 283AD0281CC6DA360098CFDC /* sfml-window.framework */; };
		283AD0381CC6DA360098CFDC /* SFML.framework in Frameworks */ = {isa = PBXBuildFile; fileRef = 283AD0291CC6DA360098CFDC /* SFML.framework */; };
		283AD0391CC6DA360098CFDC /* vorbis.framework in Frameworks */ = {isa = PBXBuildFile; fileRef = 283AD02A1CC6DA360098CFDC /* vorbis.framework */; };
		283AD03A1CC6DA360098CFDC /* vorbisenc.framework in Frameworks */ = {isa = PBXBuildFile; fileRef = 283AD02B1CC6DA360098CFDC /* vorbisenc.framework */; };
		283AD03B1CC6DA360098CFDC /* vorbisfile.framework in Frameworks */ = {isa = PBXBuildFile; fileRef = 283AD02C1CC6DA360098CFDC /* vorbisfile.framework */; };
		2856D8421CC5E08200ADB5C0 /* FinalLiu.png in Copy Files */ = {isa = PBXBuildFile; fileRef = 2856D8411CC5E08200ADB5C0 /* FinalLiu.png */; };
		2856D8441CC5FB2800ADB5C0 /* Map 2.tmx in Copy Files */ = {isa = PBXBuildFile; fileRef = 2856D8431CC5FB2800ADB5C0 /* Map 2.tmx */; };
		285D92231CB1B3B9001FD8CE /* utils.cpp in Sources */ = {isa = PBXBuildFile; fileRef = 285D92221CB1B3B9001FD8CE /* utils.cpp */; };
		285FB31C1CC6B9B600B9934B /* gradeA.png in Copy Files */ = {isa = PBXBuildFile; fileRef = 285FB3161CC6B9B600B9934B /* gradeA.png */; };
		285FB31D1CC6B9B600B9934B /* gradeB.png in Copy Files */ = {isa = PBXBuildFile; fileRef = 285FB3171CC6B9B600B9934B /* gradeB.png */; };
		285FB31E1CC6B9B600B9934B /* gradeC.png in Copy Files */ = {isa = PBXBuildFile; fileRef = 285FB3181CC6B9B600B9934B /* gradeC.png */; };
		285FB31F1CC6B9B600B9934B /* gradeD.png in Copy Files */ = {isa = PBXBuildFile; fileRef = 285FB3191CC6B9B600B9934B /* gradeD.png */; };
		285FB3201CC6B9B600B9934B /* gradeF.png in Copy Files */ = {isa = PBXBuildFile; fileRef = 285FB31A1CC6B9B600B9934B /* gradeF.png */; };
		285FB3211CC6B9B600B9934B /* Grader.png in Copy Files */ = {isa = PBXBuildFile; fileRef = 285FB31B1CC6B9B600B9934B /* Grader.png */; };
		285FB3241CC6C5B300B9934B /* exit.cpp in Sources */ = {isa = PBXBuildFile; fileRef = 285FB3231CC6C5B300B9934B /* exit.cpp */; };
		287E309B1CBDACA200145459 /* notes.cpp in Sources */ = {isa = PBXBuildFile; fileRef = 287E309A1CBDACA200145459 /* notes.cpp */; };
		28B394B21CA842E900782683 /* tile.cpp in Sources */ = {isa = PBXBuildFile; fileRef = 28B394B11CA842E900782683 /* tile.cpp */; };
		28B394B41CA871F800782683 /* tinyxml2.cpp in Sources */ = {isa = PBXBuildFile; fileRef = 28F5BC8A1CA799F3000771BF /* tinyxml2.cpp */; };
		28B394B81CA8754800782683 /* Map 1.tmx in Copy Files */ = {isa = PBXBuildFile; fileRef = 28B394B71CA8754800782683 /* Map 1.tmx */; };
		28BA9CC11CA441F400343676 /* main.cpp in Sources */ = {isa = PBXBuildFile; fileRef = 28BA9CC01CA441F400343676 /* main.cpp */; };
		28BA9CCE1CA44B3900343676 /* graphics.cpp in Sources */ = {isa = PBXBuildFile; fileRef = 28BA9CCC1CA44B3900343676 /* graphics.cpp */; };
		28BA9CD11CA44F1900343676 /* game.cpp in Sources */ = {isa = PBXBuildFile; fileRef = 28BA9CD01CA44F1900343676 /* game.cpp */; };
		28BA9CD41CA4520400343676 /* input.cpp in Sources */ = {isa = PBXBuildFile; fileRef = 28BA9CD31CA4520400343676 /* input.cpp */; };
		28BA9CDC1CA48FF200343676 /* sprite.cpp in Sources */ = {isa = PBXBuildFile; fileRef = 28BA9CDB1CA48FF200343676 /* sprite.cpp */; };
		28BA9CE41CA4BE2400343676 /* myChar.png in Copy Files */ = {isa = PBXBuildFile; fileRef = 28BA9CE31CA4BE2400343676 /* myChar.png */; };
		28BA9CE81CA63A5C00343676 /* animatedsprite.cpp in Sources */ = {isa = PBXBuildFile; fileRef = 28BA9CE71CA63A5C00343676 /* animatedsprite.cpp */; };
		28F5BC7F1CA74580000771BF /* player.cpp in Sources */ = {isa = PBXBuildFile; fileRef = 28F5BC7E1CA74580000771BF /* player.cpp */; };
		28F5BC841CA7509C000771BF /* level.cpp in Sources */ = {isa = PBXBuildFile; fileRef = 28F5BC831CA7509C000771BF /* level.cpp */; };
		28F5BC861CA75262000771BF /* bkBlue.png in Copy Files */ = {isa = PBXBuildFile; fileRef = 28F5BC851CA75262000771BF /* bkBlue.png */; };
		28F5BC881CA7701A000771BF /* PrtCave.png in Copy Files */ = {isa = PBXBuildFile; fileRef = 28F5BC871CA7701A000771BF /* PrtCave.png */; };
		28F5BC8D1CA799F3000771BF /* tinyxml2.cpp in Copy Files */ = {isa = PBXBuildFile; fileRef = 28F5BC8A1CA799F3000771BF /* tinyxml2.cpp */; };
		28F5BC8E1CA799F3000771BF /* tinyxml2.h in Copy Files */ = {isa = PBXBuildFile; fileRef = 28F5BC8B1CA799F3000771BF /* tinyxml2.h */; };
/* End PBXBuildFile section */

/* Begin PBXCopyFilesBuildPhase section */
		28BA9CBB1CA441F300343676 /* Copy Files */ = {
			isa = PBXCopyFilesBuildPhase;
			buildActionMask = 12;
			dstPath = "";
			dstSubfolderSpec = 16;
			files = (
				283AD0071CC6D5F60098CFDC /* GatorChompGoGators.wav in Copy Files */,
				285FB31C1CC6B9B600B9934B /* gradeA.png in Copy Files */,
				285FB31D1CC6B9B600B9934B /* gradeB.png in Copy Files */,
				285FB31E1CC6B9B600B9934B /* gradeC.png in Copy Files */,
				285FB31F1CC6B9B600B9934B /* gradeD.png in Copy Files */,
				285FB3201CC6B9B600B9934B /* gradeF.png in Copy Files */,
				285FB3211CC6B9B600B9934B /* Grader.png in Copy Files */,
				2856D8441CC5FB2800ADB5C0 /* Map 2.tmx in Copy Files */,
				2856D8421CC5E08200ADB5C0 /* FinalLiu.png in Copy Files */,
				28389B861CB4263600D31B2B /* ItemImage.png in Copy Files */,
				28B394B81CA8754800782683 /* Map 1.tmx in Copy Files */,
				28F5BC8D1CA799F3000771BF /* tinyxml2.cpp in Copy Files */,
				28F5BC8E1CA799F3000771BF /* tinyxml2.h in Copy Files */,
				28F5BC881CA7701A000771BF /* PrtCave.png in Copy Files */,
				28F5BC861CA75262000771BF /* bkBlue.png in Copy Files */,
				28BA9CE41CA4BE2400343676 /* myChar.png in Copy Files */,
			);
			name = "Copy Files";
			runOnlyForDeploymentPostprocessing = 0;
		};
/* End PBXCopyFilesBuildPhase section */

/* Begin PBXFileReference section */
		28389B821CB424B800D31B2B /* hud.h */ = {isa = PBXFileReference; lastKnownFileType = sourcecode.c.h; path = hud.h; sourceTree = "<group>"; };
		28389B831CB4254F00D31B2B /* hud.cpp */ = {isa = PBXFileReference; fileEncoding = 4; lastKnownFileType = sourcecode.cpp.cpp; path = hud.cpp; sourceTree = "<group>"; };
		28389B851CB4263600D31B2B /* ItemImage.png */ = {isa = PBXFileReference; lastKnownFileType = image.png; name = ItemImage.png; path = FinalRun/ItemImage.png; sourceTree = "<group>"; };
		28389B871CB45EA400D31B2B /* enemy.h */ = {isa = PBXFileReference; lastKnownFileType = sourcecode.c.h; path = enemy.h; sourceTree = "<group>"; };
		28389B881CB460CF00D31B2B /* enemy.cpp */ = {isa = PBXFileReference; fileEncoding = 4; lastKnownFileType = sourcecode.cpp.cpp; path = enemy.cpp; sourceTree = "<group>"; };
		283AD0061CC6D5F60098CFDC /* GatorChompGoGators.wav */ = {isa = PBXFileReference; lastKnownFileType = audio.wav; name = GatorChompGoGators.wav; path = FinalRun/GatorChompGoGators.wav; sourceTree = "<group>"; };
		283AD01E1CC6DA360098CFDC /* FLAC.framework */ = {isa = PBXFileReference; lastKnownFileType = wrapper.framework; name = FLAC.framework; path = ../../../../../Library/Frameworks/FLAC.framework; sourceTree = "<group>"; };
		283AD01F1CC6DA360098CFDC /* freetype.framework */ = {isa = PBXFileReference; lastKnownFileType = wrapper.framework; name = freetype.framework; path = ../../../../../Library/Frameworks/freetype.framework; sourceTree = "<group>"; };
		283AD0201CC6DA360098CFDC /* ogg.framework */ = {isa = PBXFileReference; lastKnownFileType = wrapper.framework; name = ogg.framework; path = ../../../../../Library/Frameworks/ogg.framework; sourceTree = "<group>"; };
		283AD0211CC6DA360098CFDC /* OpenAL.framework */ = {isa = PBXFileReference; lastKnownFileType = wrapper.framework; name = OpenAL.framework; path = ../../../../../Library/Frameworks/OpenAL.framework; sourceTree = "<group>"; };
		283AD0221CC6DA360098CFDC /* SDL2_image.framework */ = {isa = PBXFileReference; lastKnownFileType = wrapper.framework; name = SDL2_image.framework; path = ../../../../../Library/Frameworks/SDL2_image.framework; sourceTree = "<group>"; };
		283AD0231CC6DA360098CFDC /* SDL2.framework */ = {isa = PBXFileReference; lastKnownFileType = wrapper.framework; name = SDL2.framework; path = ../../../../../Library/Frameworks/SDL2.framework; sourceTree = "<group>"; };
		283AD0241CC6DA360098CFDC /* sfml-audio.framework */ = {isa = PBXFileReference; lastKnownFileType = wrapper.framework; name = "sfml-audio.framework"; path = "../../../../../Library/Frameworks/sfml-audio.framework"; sourceTree = "<group>"; };
		283AD0251CC6DA360098CFDC /* sfml-graphics.framework */ = {isa = PBXFileReference; lastKnownFileType = wrapper.framework; name = "sfml-graphics.framework"; path = "../../../../../Library/Frameworks/sfml-graphics.framework"; sourceTree = "<group>"; };
		283AD0261CC6DA360098CFDC /* sfml-network.framework */ = {isa = PBXFileReference; lastKnownFileType = wrapper.framework; name = "sfml-network.framework"; path = "../../../../../Library/Frameworks/sfml-network.framework"; sourceTree = "<group>"; };
		283AD0271CC6DA360098CFDC /* sfml-system.framework */ = {isa = PBXFileReference; lastKnownFileType = wrapper.framework; name = "sfml-system.framework"; path = "../../../../../Library/Frameworks/sfml-system.framework"; sourceTree = "<group>"; };
		283AD0281CC6DA360098CFDC /* sfml-window.framework */ = {isa = PBXFileReference; lastKnownFileType = wrapper.framework; name = "sfml-window.framework"; path = "../../../../../Library/Frameworks/sfml-window.framework"; sourceTree = "<group>"; };
		283AD0291CC6DA360098CFDC /* SFML.framework */ = {isa = PBXFileReference; lastKnownFileType = wrapper.framework; name = SFML.framework; path = ../../../../../Library/Frameworks/SFML.framework; sourceTree = "<group>"; };
		283AD02A1CC6DA360098CFDC /* vorbis.framework */ = {isa = PBXFileReference; lastKnownFileType = wrapper.framework; name = vorbis.framework; path = ../../../../../Library/Frameworks/vorbis.framework; sourceTree = "<group>"; };
		283AD02B1CC6DA360098CFDC /* vorbisenc.framework */ = {isa = PBXFileReference; lastKnownFileType = wrapper.framework; name = vorbisenc.framework; path = ../../../../../Library/Frameworks/vorbisenc.framework; sourceTree = "<group>"; };
		283AD02C1CC6DA360098CFDC /* vorbisfile.framework */ = {isa = PBXFileReference; lastKnownFileType = wrapper.framework; name = vorbisfile.framework; path = ../../../../../Library/Frameworks/vorbisfile.framework; sourceTree = "<group>"; };
		2856D8411CC5E08200ADB5C0 /* FinalLiu.png */ = {isa = PBXFileReference; lastKnownFileType = image.png; name = FinalLiu.png; path = FinalRun/FinalLiu.png; sourceTree = "<group>"; };
		2856D8431CC5FB2800ADB5C0 /* Map 2.tmx */ = {isa = PBXFileReference; lastKnownFileType = text.xml; name = "Map 2.tmx"; path = "FinalRun/Map 2.tmx"; sourceTree = "<group>"; };
		285D92211CB1B3A6001FD8CE /* utils.h */ = {isa = PBXFileReference; lastKnownFileType = sourcecode.c.h; path = utils.h; sourceTree = "<group>"; };
		285D92221CB1B3B9001FD8CE /* utils.cpp */ = {isa = PBXFileReference; fileEncoding = 4; lastKnownFileType = sourcecode.cpp.cpp; path = utils.cpp; sourceTree = "<group>"; };
		285D92241CB1B64F001FD8CE /* slope.h */ = {isa = PBXFileReference; lastKnownFileType = sourcecode.c.h; path = slope.h; sourceTree = "<group>"; };
		285FB3161CC6B9B600B9934B /* gradeA.png */ = {isa = PBXFileReference; lastKnownFileType = image.png; name = gradeA.png; path = FinalRun/gradeA.png; sourceTree = "<group>"; };
		285FB3171CC6B9B600B9934B /* gradeB.png */ = {isa = PBXFileReference; lastKnownFileType = image.png; name = gradeB.png; path = FinalRun/gradeB.png; sourceTree = "<group>"; };
		285FB3181CC6B9B600B9934B /* gradeC.png */ = {isa = PBXFileReference; lastKnownFileType = image.png; name = gradeC.png; path = FinalRun/gradeC.png; sourceTree = "<group>"; };
		285FB3191CC6B9B600B9934B /* gradeD.png */ = {isa = PBXFileReference; lastKnownFileType = image.png; name = gradeD.png; path = FinalRun/gradeD.png; sourceTree = "<group>"; };
		285FB31A1CC6B9B600B9934B /* gradeF.png */ = {isa = PBXFileReference; lastKnownFileType = image.png; name = gradeF.png; path = FinalRun/gradeF.png; sourceTree = "<group>"; };
		285FB31B1CC6B9B600B9934B /* Grader.png */ = {isa = PBXFileReference; lastKnownFileType = image.png; name = Grader.png; path = FinalRun/Grader.png; sourceTree = "<group>"; };
		285FB3221CC6C5A600B9934B /* exit.h */ = {isa = PBXFileReference; lastKnownFileType = sourcecode.c.h; path = exit.h; sourceTree = "<group>"; };
		285FB3231CC6C5B300B9934B /* exit.cpp */ = {isa = PBXFileReference; fileEncoding = 4; lastKnownFileType = sourcecode.cpp.cpp; path = exit.cpp; sourceTree = "<group>"; };
		287E30991CBDAB7E00145459 /* notes.h */ = {isa = PBXFileReference; lastKnownFileType = sourcecode.c.h; path = notes.h; sourceTree = "<group>"; };
		287E309A1CBDACA200145459 /* notes.cpp */ = {isa = PBXFileReference; fileEncoding = 4; lastKnownFileType = sourcecode.cpp.cpp; path = notes.cpp; sourceTree = "<group>"; };
		28B394B01CA8420800782683 /* tile.h */ = {isa = PBXFileReference; lastKnownFileType = sourcecode.c.h; path = tile.h; sourceTree = "<group>"; };
		28B394B11CA842E900782683 /* tile.cpp */ = {isa = PBXFileReference; fileEncoding = 4; lastKnownFileType = sourcecode.cpp.cpp; path = tile.cpp; sourceTree = "<group>"; };
		28B394B71CA8754800782683 /* Map 1.tmx */ = {isa = PBXFileReference; lastKnownFileType = text.xml; name = "Map 1.tmx"; path = "FinalRun/Map 1.tmx"; sourceTree = "<group>"; };
		28B394B91CA8A84A00782683 /* rectangle.h */ = {isa = PBXFileReference; lastKnownFileType = sourcecode.c.h; path = rectangle.h; sourceTree = "<group>"; };
		28BA9CBD1CA441F300343676 /* FinalRun */ = {isa = PBXFileReference; explicitFileType = "compiled.mach-o.executable"; includeInIndex = 0; path = FinalRun; sourceTree = BUILT_PRODUCTS_DIR; };
		28BA9CC01CA441F400343676 /* main.cpp */ = {isa = PBXFileReference; lastKnownFileType = sourcecode.cpp.cpp; path = main.cpp; sourceTree = "<group>"; };
		28BA9CC91CA449C400343676 /* graphics.h */ = {isa = PBXFileReference; lastKnownFileType = sourcecode.c.h; path = graphics.h; sourceTree = "<group>"; };
		28BA9CCC1CA44B3900343676 /* graphics.cpp */ = {isa = PBXFileReference; fileEncoding = 4; lastKnownFileType = sourcecode.cpp.cpp; path = graphics.cpp; sourceTree = "<group>"; };
		28BA9CCF1CA44E6D00343676 /* game.h */ = {isa = PBXFileReference; lastKnownFileType = sourcecode.c.h; path = game.h; sourceTree = "<group>"; };
		28BA9CD01CA44F1900343676 /* game.cpp */ = {isa = PBXFileReference; fileEncoding = 4; lastKnownFileType = sourcecode.cpp.cpp; path = game.cpp; sourceTree = "<group>"; };
		28BA9CD21CA450BB00343676 /* input.h */ = {isa = PBXFileReference; lastKnownFileType = sourcecode.c.h; path = input.h; sourceTree = "<group>"; };
		28BA9CD31CA4520400343676 /* input.cpp */ = {isa = PBXFileReference; fileEncoding = 4; lastKnownFileType = sourcecode.cpp.cpp; path = input.cpp; sourceTree = "<group>"; };
		28BA9CDA1CA48E5400343676 /* sprite.h */ = {isa = PBXFileReference; lastKnownFileType = sourcecode.c.h; path = sprite.h; sourceTree = "<group>"; };
		28BA9CDB1CA48FF200343676 /* sprite.cpp */ = {isa = PBXFileReference; fileEncoding = 4; lastKnownFileType = sourcecode.cpp.cpp; path = sprite.cpp; sourceTree = "<group>"; };
		28BA9CE31CA4BE2400343676 /* myChar.png */ = {isa = PBXFileReference; lastKnownFileType = image.png; name = myChar.png; path = FinalRun/myChar.png; sourceTree = "<group>"; };
		28BA9CE51CA62DF900343676 /* globals.h */ = {isa = PBXFileReference; lastKnownFileType = sourcecode.c.h; path = globals.h; sourceTree = "<group>"; };
		28BA9CE61CA637EA00343676 /* animatedsprite.h */ = {isa = PBXFileReference; lastKnownFileType = sourcecode.c.h; path = animatedsprite.h; sourceTree = "<group>"; };
		28BA9CE71CA63A5C00343676 /* animatedsprite.cpp */ = {isa = PBXFileReference; fileEncoding = 4; lastKnownFileType = sourcecode.cpp.cpp; path = animatedsprite.cpp; sourceTree = "<group>"; };
		28F5BC7D1CA74498000771BF /* player.h */ = {isa = PBXFileReference; lastKnownFileType = sourcecode.c.h; path = player.h; sourceTree = "<group>"; };
		28F5BC7E1CA74580000771BF /* player.cpp */ = {isa = PBXFileReference; fileEncoding = 4; lastKnownFileType = sourcecode.cpp.cpp; path = player.cpp; sourceTree = "<group>"; };
		28F5BC821CA74F7E000771BF /* level.h */ = {isa = PBXFileReference; lastKnownFileType = sourcecode.c.h; path = level.h; sourceTree = "<group>"; };
		28F5BC831CA7509C000771BF /* level.cpp */ = {isa = PBXFileReference; fileEncoding = 4; lastKnownFileType = sourcecode.cpp.cpp; path = level.cpp; sourceTree = "<group>"; };
		28F5BC851CA75262000771BF /* bkBlue.png */ = {isa = PBXFileReference; lastKnownFileType = image.png; name = bkBlue.png; path = FinalRun/bkBlue.png; sourceTree = "<group>"; };
		28F5BC871CA7701A000771BF /* PrtCave.png */ = {isa = PBXFileReference; lastKnownFileType = image.png; name = PrtCave.png; path = FinalRun/PrtCave.png; sourceTree = "<group>"; };
		28F5BC8A1CA799F3000771BF /* tinyxml2.cpp */ = {isa = PBXFileReference; lastKnownFileType = sourcecode.cpp.cpp; name = tinyxml2.cpp; path = FinalRun/tinyxml2.cpp; sourceTree = "<group>"; };
		28F5BC8B1CA799F3000771BF /* tinyxml2.h */ = {isa = PBXFileReference; lastKnownFileType = sourcecode.c.h; name = tinyxml2.h; path = FinalRun/tinyxml2.h; sourceTree = "<group>"; };
/* End PBXFileReference section */

/* Begin PBXFrameworksBuildPhase section */
		28BA9CBA1CA441F300343676 /* Frameworks */ = {
			isa = PBXFrameworksBuildPhase;
			buildActionMask = 2147483647;
			files = (
				283AD02D1CC6DA360098CFDC /* FLAC.framework in Frameworks */,
				283AD02E1CC6DA360098CFDC /* freetype.framework in Frameworks */,
				283AD02F1CC6DA360098CFDC /* ogg.framework in Frameworks */,
				283AD0301CC6DA360098CFDC /* OpenAL.framework in Frameworks */,
				283AD0311CC6DA360098CFDC /* SDL2_image.framework in Frameworks */,
				283AD0321CC6DA360098CFDC /* SDL2.framework in Frameworks */,
				283AD0331CC6DA360098CFDC /* sfml-audio.framework in Frameworks */,
				283AD0341CC6DA360098CFDC /* sfml-graphics.framework in Frameworks */,
				283AD0351CC6DA360098CFDC /* sfml-network.framework in Frameworks */,
				283AD0361CC6DA360098CFDC /* sfml-system.framework in Frameworks */,
				283AD0371CC6DA360098CFDC /* sfml-window.framework in Frameworks */,
				283AD0381CC6DA360098CFDC /* SFML.framework in Frameworks */,
				283AD0391CC6DA360098CFDC /* vorbis.framework in Frameworks */,
				283AD03A1CC6DA360098CFDC /* vorbisenc.framework in Frameworks */,
				283AD03B1CC6DA360098CFDC /* vorbisfile.framework in Frameworks */,
			);
			runOnlyForDeploymentPostprocessing = 0;
		};
/* End PBXFrameworksBuildPhase section */

/* Begin PBXGroup section */
		28BA9CB41CA441F300343676 = {
			isa = PBXGroup;
			children = (
				283AD01E1CC6DA360098CFDC /* FLAC.framework */,
				283AD01F1CC6DA360098CFDC /* freetype.framework */,
				283AD0201CC6DA360098CFDC /* ogg.framework */,
				283AD0211CC6DA360098CFDC /* OpenAL.framework */,
				283AD0221CC6DA360098CFDC /* SDL2_image.framework */,
				283AD0231CC6DA360098CFDC /* SDL2.framework */,
				283AD0241CC6DA360098CFDC /* sfml-audio.framework */,
				283AD0251CC6DA360098CFDC /* sfml-graphics.framework */,
				283AD0261CC6DA360098CFDC /* sfml-network.framework */,
				283AD0271CC6DA360098CFDC /* sfml-system.framework */,
				283AD0281CC6DA360098CFDC /* sfml-window.framework */,
				283AD0291CC6DA360098CFDC /* SFML.framework */,
				283AD02A1CC6DA360098CFDC /* vorbis.framework */,
				283AD02B1CC6DA360098CFDC /* vorbisenc.framework */,
				283AD02C1CC6DA360098CFDC /* vorbisfile.framework */,
				283AD0061CC6D5F60098CFDC /* GatorChompGoGators.wav */,
				285FB3161CC6B9B600B9934B /* gradeA.png */,
				285FB3171CC6B9B600B9934B /* gradeB.png */,
				285FB3181CC6B9B600B9934B /* gradeC.png */,
				285FB3191CC6B9B600B9934B /* gradeD.png */,
				285FB31A1CC6B9B600B9934B /* gradeF.png */,
				285FB31B1CC6B9B600B9934B /* Grader.png */,
				2856D8411CC5E08200ADB5C0 /* FinalLiu.png */,
				28389B851CB4263600D31B2B /* ItemImage.png */,
				2856D8431CC5FB2800ADB5C0 /* Map 2.tmx */,
				28B394B71CA8754800782683 /* Map 1.tmx */,
				28F5BC8B1CA799F3000771BF /* tinyxml2.h */,
				28F5BC8A1CA799F3000771BF /* tinyxml2.cpp */,
				28F5BC871CA7701A000771BF /* PrtCave.png */,
				28F5BC851CA75262000771BF /* bkBlue.png */,
				28BA9CE31CA4BE2400343676 /* myChar.png */,
				28BA9CBF1CA441F300343676 /* FinalRun */,
				28BA9CBE1CA441F300343676 /* Products */,
			);
			sourceTree = "<group>";
		};
		28BA9CBE1CA441F300343676 /* Products */ = {
			isa = PBXGroup;
			children = (
				28BA9CBD1CA441F300343676 /* FinalRun */,
			);
			name = Products;
			sourceTree = "<group>";
		};
		28BA9CBF1CA441F300343676 /* FinalRun */ = {
			isa = PBXGroup;
			children = (
				28BA9CCB1CA44A1000343676 /* headers */,
				28BA9CCA1CA449D800343676 /* src */,
			);
			path = FinalRun;
			sourceTree = "<group>";
		};
		28BA9CCA1CA449D800343676 /* src */ = {
			isa = PBXGroup;
			children = (
				28BA9CC01CA441F400343676 /* main.cpp */,
				28389B831CB4254F00D31B2B /* hud.cpp */,
				285FB3231CC6C5B300B9934B /* exit.cpp */,
				28389B881CB460CF00D31B2B /* enemy.cpp */,
				287E309A1CBDACA200145459 /* notes.cpp */,
				28B394B11CA842E900782683 /* tile.cpp */,
				28F5BC831CA7509C000771BF /* level.cpp */,
				28F5BC7E1CA74580000771BF /* player.cpp */,
				28BA9CE71CA63A5C00343676 /* animatedsprite.cpp */,
				28BA9CD01CA44F1900343676 /* game.cpp */,
				28BA9CCC1CA44B3900343676 /* graphics.cpp */,
				28BA9CDB1CA48FF200343676 /* sprite.cpp */,
				28BA9CD31CA4520400343676 /* input.cpp */,
				285D92221CB1B3B9001FD8CE /* utils.cpp */,
			);
			name = src;
			sourceTree = "<group>";
		};
		28BA9CCB1CA44A1000343676 /* headers */ = {
			isa = PBXGroup;
			children = (
				28B394B01CA8420800782683 /* tile.h */,
				28389B821CB424B800D31B2B /* hud.h */,
				28BA9CC91CA449C400343676 /* graphics.h */,
				28BA9CCF1CA44E6D00343676 /* game.h */,
				28389B871CB45EA400D31B2B /* enemy.h */,
				287E30991CBDAB7E00145459 /* notes.h */,
				285FB3221CC6C5A600B9934B /* exit.h */,
				28BA9CD21CA450BB00343676 /* input.h */,
				28BA9CDA1CA48E5400343676 /* sprite.h */,
				28BA9CE51CA62DF900343676 /* globals.h */,
				28BA9CE61CA637EA00343676 /* animatedsprite.h */,
				28F5BC7D1CA74498000771BF /* player.h */,
				28B394B91CA8A84A00782683 /* rectangle.h */,
				28F5BC821CA74F7E000771BF /* level.h */,
				285D92211CB1B3A6001FD8CE /* utils.h */,
				285D92241CB1B64F001FD8CE /* slope.h */,
			);
			name = headers;
			sourceTree = "<group>";
		};
/* End PBXGroup section */

/* Begin PBXNativeTarget section */
		28BA9CBC1CA441F300343676 /* FinalRun */ = {
			isa = PBXNativeTarget;
			buildConfigurationList = 28BA9CC41CA441F400343676 /* Build configuration list for PBXNativeTarget "FinalRun" */;
			buildPhases = (
				28BA9CB91CA441F300343676 /* Sources */,
				28BA9CBA1CA441F300343676 /* Frameworks */,
				28BA9CBB1CA441F300343676 /* Copy Files */,
			);
			buildRules = (
			);
			dependencies = (
			);
			name = FinalRun;
			productName = FinalRun;
			productReference = 28BA9CBD1CA441F300343676 /* FinalRun */;
			productType = "com.apple.product-type.tool";
		};
/* End PBXNativeTarget section */

/* Begin PBXProject section */
		28BA9CB51CA441F300343676 /* Project object */ = {
			isa = PBXProject;
			attributes = {
				LastUpgradeCheck = 0720;
				ORGANIZATIONNAME = GroupCOP3503;
				TargetAttributes = {
					28BA9CBC1CA441F300343676 = {
						CreatedOnToolsVersion = 7.2.1;
					};
				};
			};
			buildConfigurationList = 28BA9CB81CA441F300343676 /* Build configuration list for PBXProject "FinalRun" */;
			compatibilityVersion = "Xcode 3.2";
			developmentRegion = English;
			hasScannedForEncodings = 0;
			knownRegions = (
				en,
			);
			mainGroup = 28BA9CB41CA441F300343676;
			productRefGroup = 28BA9CBE1CA441F300343676 /* Products */;
			projectDirPath = "";
			projectRoot = "";
			targets = (
				28BA9CBC1CA441F300343676 /* FinalRun */,
			);
		};
/* End PBXProject section */

/* Begin PBXSourcesBuildPhase section */
		28BA9CB91CA441F300343676 /* Sources */ = {
			isa = PBXSourcesBuildPhase;
			buildActionMask = 2147483647;
			files = (
				28B394B41CA871F800782683 /* tinyxml2.cpp in Sources */,
				28BA9CCE1CA44B3900343676 /* graphics.cpp in Sources */,
				287E309B1CBDACA200145459 /* notes.cpp in Sources */,
				28BA9CC11CA441F400343676 /* main.cpp in Sources */,
				28389B891CB460CF00D31B2B /* enemy.cpp in Sources */,
				28B394B21CA842E900782683 /* tile.cpp in Sources */,
				28F5BC841CA7509C000771BF /* level.cpp in Sources */,
				28BA9CD41CA4520400343676 /* input.cpp in Sources */,
				285FB3241CC6C5B300B9934B /* exit.cpp in Sources */,
				285D92231CB1B3B9001FD8CE /* utils.cpp in Sources */,
				28BA9CE81CA63A5C00343676 /* animatedsprite.cpp in Sources */,
				28BA9CD11CA44F1900343676 /* game.cpp in Sources */,
				28389B841CB4254F00D31B2B /* hud.cpp in Sources */,
				28BA9CDC1CA48FF200343676 /* sprite.cpp in Sources */,
				28F5BC7F1CA74580000771BF /* player.cpp in Sources */,
			);
			runOnlyForDeploymentPostprocessing = 0;
		};
/* End PBXSourcesBuildPhase section */

/* Begin XCBuildConfiguration section */
		28BA9CC21CA441F400343676 /* Debug */ = {
			isa = XCBuildConfiguration;
			buildSettings = {
				ALWAYS_SEARCH_USER_PATHS = NO;
				CLANG_CXX_LANGUAGE_STANDARD = "gnu++0x";
				CLANG_CXX_LIBRARY = "libc++";
				CLANG_ENABLE_MODULES = YES;
				CLANG_ENABLE_OBJC_ARC = YES;
				CLANG_WARN_BOOL_CONVERSION = YES;
				CLANG_WARN_CONSTANT_CONVERSION = YES;
				CLANG_WARN_DIRECT_OBJC_ISA_USAGE = YES_ERROR;
				CLANG_WARN_EMPTY_BODY = YES;
				CLANG_WARN_ENUM_CONVERSION = YES;
				CLANG_WARN_INT_CONVERSION = YES;
				CLANG_WARN_OBJC_ROOT_CLASS = YES_ERROR;
				CLANG_WARN_UNREACHABLE_CODE = YES;
				CLANG_WARN__DUPLICATE_METHOD_MATCH = YES;
				CODE_SIGN_IDENTITY = "-";
				COPY_PHASE_STRIP = NO;
				DEBUG_INFORMATION_FORMAT = dwarf;
				ENABLE_STRICT_OBJC_MSGSEND = YES;
				ENABLE_TESTABILITY = YES;
				GCC_C_LANGUAGE_STANDARD = gnu99;
				GCC_DYNAMIC_NO_PIC = NO;
				GCC_NO_COMMON_BLOCKS = YES;
				GCC_OPTIMIZATION_LEVEL = 0;
				GCC_PREPROCESSOR_DEFINITIONS = (
					"DEBUG=1",
					"$(inherited)",
				);
				GCC_WARN_64_TO_32_BIT_CONVERSION = YES;
				GCC_WARN_ABOUT_RETURN_TYPE = YES_ERROR;
				GCC_WARN_UNDECLARED_SELECTOR = YES;
				GCC_WARN_UNINITIALIZED_AUTOS = YES_AGGRESSIVE;
				GCC_WARN_UNUSED_FUNCTION = YES;
				GCC_WARN_UNUSED_VARIABLE = YES;
				MACOSX_DEPLOYMENT_TARGET = 10.11;
				MTL_ENABLE_DEBUG_INFO = YES;
				ONLY_ACTIVE_ARCH = YES;
				SDKROOT = macosx;
			};
			name = Debug;
		};
		28BA9CC31CA441F400343676 /* Release */ = {
			isa = XCBuildConfiguration;
			buildSettings = {
				ALWAYS_SEARCH_USER_PATHS = NO;
				CLANG_CXX_LANGUAGE_STANDARD = "gnu++0x";
				CLANG_CXX_LIBRARY = "libc++";
				CLANG_ENABLE_MODULES = YES;
				CLANG_ENABLE_OBJC_ARC = YES;
				CLANG_WARN_BOOL_CONVERSION = YES;
				CLANG_WARN_CONSTANT_CONVERSION = YES;
				CLANG_WARN_DIRECT_OBJC_ISA_USAGE = YES_ERROR;
				CLANG_WARN_EMPTY_BODY = YES;
				CLANG_WARN_ENUM_CONVERSION = YES;
				CLANG_WARN_INT_CONVERSION = YES;
				CLANG_WARN_OBJC_ROOT_CLASS = YES_ERROR;
				CLANG_WARN_UNREACHABLE_CODE = YES;
				CLANG_WARN__DUPLICATE_METHOD_MATCH = YES;
				CODE_SIGN_IDENTITY = "-";
				COPY_PHASE_STRIP = NO;
				DEBUG_INFORMATION_FORMAT = "dwarf-with-dsym";
				ENABLE_NS_ASSERTIONS = NO;
				ENABLE_STRICT_OBJC_MSGSEND = YES;
				GCC_C_LANGUAGE_STANDARD = gnu99;
				GCC_NO_COMMON_BLOCKS = YES;
				GCC_WARN_64_TO_32_BIT_CONVERSION = YES;
				GCC_WARN_ABOUT_RETURN_TYPE = YES_ERROR;
				GCC_WARN_UNDECLARED_SELECTOR = YES;
				GCC_WARN_UNINITIALIZED_AUTOS = YES_AGGRESSIVE;
				GCC_WARN_UNUSED_FUNCTION = YES;
				GCC_WARN_UNUSED_VARIABLE = YES;
				MACOSX_DEPLOYMENT_TARGET = 10.11;
				MTL_ENABLE_DEBUG_INFO = NO;
				SDKROOT = macosx;
			};
			name = Release;
		};
		28BA9CC51CA441F400343676 /* Debug */ = {
			isa = XCBuildConfiguration;
			buildSettings = {
				FRAMEWORK_SEARCH_PATHS = (
					"$(inherited)",
					"$(LOCAL_LIBRARY_DIR)/Frameworks",
				);
				PRODUCT_NAME = "$(TARGET_NAME)";
			};
			name = Debug;
		};
		28BA9CC61CA441F400343676 /* Release */ = {
			isa = XCBuildConfiguration;
			buildSettings = {
				FRAMEWORK_SEARCH_PATHS = (
					"$(inherited)",
					"$(LOCAL_LIBRARY_DIR)/Frameworks",
				);
				PRODUCT_NAME = "$(TARGET_NAME)";
			};
			name = Release;
		};
/* End XCBuildConfiguration section */

/* Begin XCConfigurationList section */
		28BA9CB81CA441F300343676 /* Build configuration list for PBXProject "FinalRun" */ = {
			isa = XCConfigurationList;
			buildConfigurations = (
				28BA9CC21CA441F400343676 /* Debug */,
				28BA9CC31CA441F400343676 /* Release */,
			);
			defaultConfigurationIsVisible = 0;
			defaultConfigurationName = Release;
		};
		28BA9CC41CA441F400343676 /* Build configuration list for PBXNativeTarget "FinalRun" */ = {
			isa = XCConfigurationList;
			buildConfigurations = (
				28BA9CC51CA441F400343676 /* Debug */,
				28BA9CC61CA441F400343676 /* Release */,
			);
			defaultConfigurationIsVisible = 0;
			defaultConfigurationName = Release;
		};
/* End XCConfigurationList section */
	};
	rootObject = 28BA9CB51CA441F300343676 /* Project object */;
}
